{
    "_readme": [
        "This file locks the dependencies of your project to a known state",
        "Read more about it at https://getcomposer.org/doc/01-basic-usage.md#installing-dependencies",
        "This file is @generated automatically"
    ],
    "content-hash": "5a9dcd6ef4c34466c606e10f8651a5c3",
    "packages": [
        {
            "name": "sebastian/diff",
            "version": "3.0.1",
            "source": {
                "type": "git",
                "url": "https://github.com/sebastianbergmann/diff.git",
                "reference": "366541b989927187c4ca70490a35615d3fef2dce"
            },
            "dist": {
                "type": "zip",
                "url": "https://api.github.com/repos/sebastianbergmann/diff/zipball/366541b989927187c4ca70490a35615d3fef2dce",
                "reference": "366541b989927187c4ca70490a35615d3fef2dce",
                "shasum": ""
            },
            "require": {
                "php": "^7.1"
            },
            "require-dev": {
                "phpunit/phpunit": "^7.0",
                "symfony/process": "^2 || ^3.3 || ^4"
            },
            "type": "library",
            "extra": {
                "branch-alias": {
                    "dev-master": "3.0-dev"
                }
            },
            "autoload": {
                "classmap": [
                    "src/"
                ]
            },
            "notification-url": "https://packagist.org/downloads/",
            "license": [
                "BSD-3-Clause"
            ],
            "authors": [
                {
                    "name": "Kore Nordmann",
                    "email": "mail@kore-nordmann.de"
                },
                {
                    "name": "Sebastian Bergmann",
                    "email": "sebastian@phpunit.de"
                }
            ],
            "description": "Diff implementation",
            "homepage": "https://github.com/sebastianbergmann/diff",
            "keywords": [
                "diff",
                "udiff",
                "unidiff",
                "unified diff"
            ],
            "time": "2018-06-10T07:54:39+00:00"
        },
        {
            "name": "sledgehammer/core",
            "version": "18.08.0",
            "source": {
                "type": "git",
                "url": "https://github.com/sledgehammer/core.git",
                "reference": "a1cfc2b0782d114b440b7d1ca59556db6892aef1"
            },
            "dist": {
                "type": "zip",
                "url": "https://api.github.com/repos/sledgehammer/core/zipball/a1cfc2b0782d114b440b7d1ca59556db6892aef1",
                "reference": "a1cfc2b0782d114b440b7d1ca59556db6892aef1",
                "shasum": ""
            },
            "require": {
                "php": ">=7.1"
            },
            "require-dev": {
                "phpunit/phpunit": ">=7"
            },
            "type": "library",
            "autoload": {
                "psr-4": {
                    "Sledgehammer\\Core\\": "src/",
                    "SledgehammerTests\\Core\\": "tests/"
                },
                "files": [
                    "src/bootstrap.php"
                ]
            },
            "notification-url": "https://packagist.org/downloads/",
            "license": [
                "MIT"
            ],
            "description": "Sledgehammer - A general purpose PHP toolkit",
            "homepage": "http://sledgehammer.github.com/",
            "keywords": [
                "core",
                "sledgehammer",
                "toolkit"
            ],
            "time": "2018-08-13T15:31:43+00:00"
        },
        {
            "name": "sledgehammer/mvc",
            "version": "18.08.0",
            "source": {
                "type": "git",
                "url": "https://github.com/sledgehammer/mvc.git",
                "reference": "82c31a22ac9eb5f88fb480f81a659d83f9a1c23a"
            },
            "dist": {
                "type": "zip",
                "url": "https://api.github.com/repos/sledgehammer/mvc/zipball/82c31a22ac9eb5f88fb480f81a659d83f9a1c23a",
                "reference": "82c31a22ac9eb5f88fb480f81a659d83f9a1c23a",
                "shasum": ""
            },
            "require": {
                "sledgehammer/core": ">=18"
            },
            "suggest": {
                "sledgehammer/minify": "Minify assets like css, javascript and images"
            },
            "type": "library",
            "autoload": {
                "psr-4": {
                    "Sledgehammer\\Mvc\\": "src"
                },
                "files": [
                    "src/bootstrap.php"
                ]
            },
            "notification-url": "https://packagist.org/downloads/",
            "license": [
                "CC-BY-SA-3.0"
            ],
            "description": "Sledgehammer MVC module: Provides a Model View Controller architecture",
            "time": "2018-07-27T15:25:31+00:00"
        },
        {
            "name": "sledgehammer/orm",
            "version": "18.08.0",
            "source": {
                "type": "git",
                "url": "https://github.com/sledgehammer/orm.git",
                "reference": "32298ca9c9a903775a2737da8c7eddf67c80977f"
            },
            "dist": {
                "type": "zip",
                "url": "https://api.github.com/repos/sledgehammer/orm/zipball/32298ca9c9a903775a2737da8c7eddf67c80977f",
                "reference": "32298ca9c9a903775a2737da8c7eddf67c80977f",
                "shasum": ""
            },
            "require": {
                "sledgehammer/core": ">=18"
            },
            "type": "library",
            "autoload": {
                "psr-4": {
                    "Sledgehammer\\Orm\\": "src/",
                    "SledgehammerTests\\Orm\\": "tests"
                },
                "files": [
                    "src/functions.php"
                ]
            },
            "notification-url": "https://packagist.org/downloads/",
            "license": [
                "CC-BY-SA-3.0"
            ],
            "description": "Sledgehammer ORM module: Object relational mapping",
            "time": "2018-07-26T13:20:57+00:00"
        },
        {
            "name": "sledgehammer/wordpress",
            "version": "18.08.0",
            "source": {
                "type": "git",
                "url": "https://github.com/sledgehammer/wordpress.git",
                "reference": "ae9ae565cc3e5169640250a1082e2b6d5ef48b2b"
            },
            "dist": {
                "type": "zip",
                "url": "https://api.github.com/repos/sledgehammer/wordpress/zipball/ae9ae565cc3e5169640250a1082e2b6d5ef48b2b",
                "reference": "ae9ae565cc3e5169640250a1082e2b6d5ef48b2b",
                "shasum": ""
            },
            "require": {
                "sebastian/diff": "*",
                "sledgehammer/mvc": "^18.04",
                "sledgehammer/orm": "*"
            },
            "type": "library",
            "autoload": {
                "psr-4": {
                    "Sledgehammer\\Wordpress\\": "src"
                }
            },
            "notification-url": "https://packagist.org/downloads/",
            "license": [
                "CC-BY-SA-3.0"
            ],
            "description": "Wordpress database access via the Sledgehammer ORM",
            "time": "2018-06-21T12:36:29+00:00"
        },
        {
            "name": "squizlabs/php_codesniffer",
            "version": "3.3.1",
            "source": {
                "type": "git",
                "url": "https://github.com/squizlabs/PHP_CodeSniffer.git",
                "reference": "628a481780561150481a9ec74709092b9759b3ec"
            },
            "dist": {
                "type": "zip",
                "url": "https://api.github.com/repos/squizlabs/PHP_CodeSniffer/zipball/628a481780561150481a9ec74709092b9759b3ec",
                "reference": "628a481780561150481a9ec74709092b9759b3ec",
                "shasum": ""
            },
            "require": {
                "ext-simplexml": "*",
                "ext-tokenizer": "*",
                "ext-xmlwriter": "*",
                "php": ">=5.4.0"
            },
            "require-dev": {
                "phpunit/phpunit": "^4.0 || ^5.0 || ^6.0 || ^7.0"
            },
            "bin": [
                "bin/phpcs",
                "bin/phpcbf"
            ],
            "type": "library",
            "extra": {
                "branch-alias": {
                    "dev-master": "3.x-dev"
                }
            },
            "notification-url": "https://packagist.org/downloads/",
            "license": [
                "BSD-3-Clause"
            ],
            "authors": [
                {
                    "name": "Greg Sherwood",
                    "role": "lead"
                }
            ],
            "description": "PHP_CodeSniffer tokenizes PHP, JavaScript and CSS files and detects violations of a defined set of coding standards.",
            "homepage": "http://www.squizlabs.com/php-codesniffer",
            "keywords": [
                "phpcs",
                "standards"
            ],
            "time": "2018-07-26T23:47:18+00:00"
        },
        {
            "name": "vlucas/phpdotenv",
            "version": "v2.5.1",
            "source": {
                "type": "git",
                "url": "https://github.com/vlucas/phpdotenv.git",
                "reference": "8abb4f9aa89ddea9d52112c65bbe8d0125e2fa8e"
            },
            "dist": {
                "type": "zip",
                "url": "https://api.github.com/repos/vlucas/phpdotenv/zipball/8abb4f9aa89ddea9d52112c65bbe8d0125e2fa8e",
                "reference": "8abb4f9aa89ddea9d52112c65bbe8d0125e2fa8e",
                "shasum": ""
            },
            "require": {
                "php": ">=5.3.9"
            },
            "require-dev": {
                "phpunit/phpunit": "^4.8.35 || ^5.0"
            },
            "type": "library",
            "extra": {
                "branch-alias": {
                    "dev-master": "2.5-dev"
                }
            },
            "autoload": {
                "psr-4": {
                    "Dotenv\\": "src/"
                }
            },
            "notification-url": "https://packagist.org/downloads/",
            "license": [
                "BSD-3-Clause"
            ],
            "authors": [
                {
                    "name": "Vance Lucas",
                    "email": "vance@vancelucas.com",
                    "homepage": "http://www.vancelucas.com"
                }
            ],
            "description": "Loads environment variables from `.env` to `getenv()`, `$_ENV` and `$_SERVER` automagically.",
            "keywords": [
                "dotenv",
                "env",
                "environment"
            ],
            "time": "2018-07-29T20:33:41+00:00"
        }
    ],
    "packages-dev": [],
    "aliases": [],
    "minimum-stability": "stable",
    "stability-flags": [],
    "prefer-stable": false,
    "prefer-lowest": false,
    "platform": [],
    "platform-dev": []
}
